
Microsoft Visual Studio Solution File, Format Version 12.00
# Visual Studio Version 17
VisualStudioVersion = 17.5.002.0
MinimumVisualStudioVersion = 10.0.40219.1
Project("{9A19103F-16F7-4668-BE54-9A1E7A4F7556}") = "Identity.Api", "Identity.Api\Identity.Api.csproj", "{B3312684-7732-433F-B0F0-2B06DADBA546}"
EndProject
Global
	GlobalSection(SolutionConfigurationPlatforms) = preSolution
		Debug|Any CPU = Debug|Any CPU
		Release|Any CPU = Release|Any CPU
	EndGlobalSection
	GlobalSection(ProjectConfigurationPlatforms) = postSolution
		{B3312684-7732-433F-B0F0-2B06DADBA546}.Debug|Any CPU.ActiveCfg = Debug|Any CPU
		{B3312684-7732-433F-B0F0-2B06DADBA546}.Debug|Any CPU.Build.0 = Debug|Any CPU
		{B3312684-7732-433F-B0F0-2B06DADBA546}.Release|Any CPU.ActiveCfg = Release|Any CPU
		{B3312684-7732-433F-B0F0-2B06DADBA546}.Release|Any CPU.Build.0 = Release|Any CPU
	EndGlobalSection
	GlobalSection(SolutionProperties) = preSolution
		HideSolutionNode = FALSE
	EndGlobalSection
	GlobalSection(ExtensibilityGlobals) = postSolution
		SolutionGuid = {DB347D02-3563-4483-B7C1-B4E1D606A753}
	EndGlobalSection
EndGlobal
